// !$*UTF8*$!
{
	archiveVersion = 1;
	classes = {
	};
	objectVersion = 46;
	objects = {

/* Begin PBXBuildFile section */
		FB14C1761BB97E8C000A16EE /* TaskScheduler.xcdatamodeld in Sources */ = {isa = PBXBuildFile; fileRef = FB14C1741BB97E8C000A16EE /* TaskScheduler.xcdatamodeld */; };
		FB14C1831BB98F84000A16EE /* JSQCoreDataKit.framework in Frameworks */ = {isa = PBXBuildFile; fileRef = FB14C1801BB98F61000A16EE /* JSQCoreDataKit.framework */; };
		FB14C1851BB98FB0000A16EE /* JSQCoreDataKit.framework in CopyFiles */ = {isa = PBXBuildFile; fileRef = FB14C1801BB98F61000A16EE /* JSQCoreDataKit.framework */; settings = {ATTRIBUTES = (CodeSignOnCopy, RemoveHeadersOnCopy, ); }; };
		FB5821871C38AFB900DC8980 /* ScheduleConfirmationViewController.swift in Sources */ = {isa = PBXBuildFile; fileRef = FB5821861C38AFB900DC8980 /* ScheduleConfirmationViewController.swift */; };
		FB58218F1C39FDC200DC8980 /* DRCellSlideAction.m in Sources */ = {isa = PBXBuildFile; fileRef = FB58218A1C39FDC200DC8980 /* DRCellSlideAction.m */; };
		FB5821901C39FDC200DC8980 /* DRCellSlideActionView.m in Sources */ = {isa = PBXBuildFile; fileRef = FB58218C1C39FDC200DC8980 /* DRCellSlideActionView.m */; };
		FB5821911C39FDC200DC8980 /* DRCellSlideGestureRecognizer.m in Sources */ = {isa = PBXBuildFile; fileRef = FB58218E1C39FDC200DC8980 /* DRCellSlideGestureRecognizer.m */; };
		FB5821961C3A055300DC8980 /* GenericTaskTableViewCell.swift in Sources */ = {isa = PBXBuildFile; fileRef = FB5821941C3A055300DC8980 /* GenericTaskTableViewCell.swift */; };
		FB5821971C3A055300DC8980 /* GenericTaskTableViewCell.xib in Resources */ = {isa = PBXBuildFile; fileRef = FB5821951C3A055300DC8980 /* GenericTaskTableViewCell.xib */; };
		FB709EED1BCC3A4D0092B9D8 /* User.swift in Sources */ = {isa = PBXBuildFile; fileRef = FB709EEC1BCC3A4D0092B9D8 /* User.swift */; };
		FB709EF11BCC3A890092B9D8 /* TaskWorkSession.swift in Sources */ = {isa = PBXBuildFile; fileRef = FB709EF01BCC3A890092B9D8 /* TaskWorkSession.swift */; };
		FB709EF31BCC3A9F0092B9D8 /* WorkDay.swift in Sources */ = {isa = PBXBuildFile; fileRef = FB709EF21BCC3A9F0092B9D8 /* WorkDay.swift */; };
		FB709EF61BCC3E990092B9D8 /* DateUtils.swift in Sources */ = {isa = PBXBuildFile; fileRef = FB709EF51BCC3E990092B9D8 /* DateUtils.swift */; };
		FB709EFA1BCEB3A70092B9D8 /* Scheduler.swift in Sources */ = {isa = PBXBuildFile; fileRef = FB709EF91BCEB3A70092B9D8 /* Scheduler.swift */; };
		FB80ABB91BDAB884002C28B2 /* SettingsViewController.swift in Sources */ = {isa = PBXBuildFile; fileRef = FB80ABB81BDAB884002C28B2 /* SettingsViewController.swift */; };
		FBA05C601C28EE1B00498424 /* AllTasksViewController.swift in Sources */ = {isa = PBXBuildFile; fileRef = FBA05C5F1C28EE1B00498424 /* AllTasksViewController.swift */; };
		FBA05C651C3389C300498424 /* PersistenceController.swift in Sources */ = {isa = PBXBuildFile; fileRef = FBA05C641C3389C300498424 /* PersistenceController.swift */; };
		FBAEE8021BB9A92200E87679 /* Task.swift in Sources */ = {isa = PBXBuildFile; fileRef = FBAEE8001BB9A92200E87679 /* Task.swift */; };
		FBAEE8061BB9C50D00E87679 /* EditTaskViewController.swift in Sources */ = {isa = PBXBuildFile; fileRef = FBAEE8051BB9C50D00E87679 /* EditTaskViewController.swift */; };
		FBD1BE371BAC7EF00055ACF2 /* AppDelegate.swift in Sources */ = {isa = PBXBuildFile; fileRef = FBD1BE361BAC7EF00055ACF2 /* AppDelegate.swift */; };
		FBD1BE391BAC7EF00055ACF2 /* TodaysWorkViewController.swift in Sources */ = {isa = PBXBuildFile; fileRef = FBD1BE381BAC7EF00055ACF2 /* TodaysWorkViewController.swift */; };
		FBD1BE3E1BAC7EF00055ACF2 /* Main.storyboard in Resources */ = {isa = PBXBuildFile; fileRef = FBD1BE3C1BAC7EF00055ACF2 /* Main.storyboard */; };
		FBD1BE401BAC7EF00055ACF2 /* Assets.xcassets in Resources */ = {isa = PBXBuildFile; fileRef = FBD1BE3F1BAC7EF00055ACF2 /* Assets.xcassets */; };
		FBD1BE431BAC7EF00055ACF2 /* LaunchScreen.storyboard in Resources */ = {isa = PBXBuildFile; fileRef = FBD1BE411BAC7EF00055ACF2 /* LaunchScreen.storyboard */; };
		FBD1BE4E1BAC7EF00055ACF2 /* TaskSchedulerTests.swift in Sources */ = {isa = PBXBuildFile; fileRef = FBD1BE4D1BAC7EF00055ACF2 /* TaskSchedulerTests.swift */; };
		FBD1BE591BAC7EF00055ACF2 /* TaskSchedulerUITests.swift in Sources */ = {isa = PBXBuildFile; fileRef = FBD1BE581BAC7EF00055ACF2 /* TaskSchedulerUITests.swift */; };
		FBD1BE701BAC8CD70055ACF2 /* PriorityPrettifier.swift in Sources */ = {isa = PBXBuildFile; fileRef = FBD1BE6F1BAC8CD70055ACF2 /* PriorityPrettifier.swift */; };
/* End PBXBuildFile section */

/* Begin PBXContainerItemProxy section */
		FB14C17F1BB98F61000A16EE /* PBXContainerItemProxy */ = {
			isa = PBXContainerItemProxy;
			containerPortal = FB14C17A1BB98F61000A16EE /* JSQCoreDataKit.xcodeproj */;
			proxyType = 2;
			remoteGlobalIDString = 88002D4F1AB8F546001787DB;
			remoteInfo = JSQCoreDataKit;
		};
		FB14C1811BB98F61000A16EE /* PBXContainerItemProxy */ = {
			isa = PBXContainerItemProxy;
			containerPortal = FB14C17A1BB98F61000A16EE /* JSQCoreDataKit.xcodeproj */;
			proxyType = 2;
			remoteGlobalIDString = 88E25ABB1AEC95EE008DD916;
			remoteInfo = JSQCoreDataKitTests;
		};
		FBD1BE4A1BAC7EF00055ACF2 /* PBXContainerItemProxy */ = {
			isa = PBXContainerItemProxy;
			containerPortal = FBD1BE2B1BAC7EF00055ACF2 /* Project object */;
			proxyType = 1;
			remoteGlobalIDString = FBD1BE321BAC7EF00055ACF2;
			remoteInfo = TaskScheduler;
		};
		FBD1BE551BAC7EF00055ACF2 /* PBXContainerItemProxy */ = {
			isa = PBXContainerItemProxy;
			containerPortal = FBD1BE2B1BAC7EF00055ACF2 /* Project object */;
			proxyType = 1;
			remoteGlobalIDString = FBD1BE321BAC7EF00055ACF2;
			remoteInfo = TaskScheduler;
		};
/* End PBXContainerItemProxy section */

/* Begin PBXCopyFilesBuildPhase section */
		FB14C1841BB98F97000A16EE /* CopyFiles */ = {
			isa = PBXCopyFilesBuildPhase;
			buildActionMask = 2147483647;
			dstPath = "";
			dstSubfolderSpec = 10;
			files = (
				FB14C1851BB98FB0000A16EE /* JSQCoreDataKit.framework in CopyFiles */,
			);
			runOnlyForDeploymentPostprocessing = 0;
		};
/* End PBXCopyFilesBuildPhase section */

/* Begin PBXFileReference section */
		FB14C1751BB97E8C000A16EE /* TaskScheduler.xcdatamodel */ = {isa = PBXFileReference; lastKnownFileType = wrapper.xcdatamodel; path = TaskScheduler.xcdatamodel; sourceTree = "<group>"; };
		FB14C17A1BB98F61000A16EE /* JSQCoreDataKit.xcodeproj */ = {isa = PBXFileReference; lastKnownFileType = "wrapper.pb-project"; name = JSQCoreDataKit.xcodeproj; path = JSQCoreDataKit/JSQCoreDataKit.xcodeproj; sourceTree = "<group>"; };
		FB5821861C38AFB900DC8980 /* ScheduleConfirmationViewController.swift */ = {isa = PBXFileReference; fileEncoding = 4; lastKnownFileType = sourcecode.swift; path = ScheduleConfirmationViewController.swift; sourceTree = "<group>"; };
		FB5821891C39FDC200DC8980 /* DRCellSlideAction.h */ = {isa = PBXFileReference; fileEncoding = 4; lastKnownFileType = sourcecode.c.h; path = DRCellSlideAction.h; sourceTree = "<group>"; };
		FB58218A1C39FDC200DC8980 /* DRCellSlideAction.m */ = {isa = PBXFileReference; fileEncoding = 4; lastKnownFileType = sourcecode.c.objc; path = DRCellSlideAction.m; sourceTree = "<group>"; };
		FB58218B1C39FDC200DC8980 /* DRCellSlideActionView.h */ = {isa = PBXFileReference; fileEncoding = 4; lastKnownFileType = sourcecode.c.h; path = DRCellSlideActionView.h; sourceTree = "<group>"; };
		FB58218C1C39FDC200DC8980 /* DRCellSlideActionView.m */ = {isa = PBXFileReference; fileEncoding = 4; lastKnownFileType = sourcecode.c.objc; path = DRCellSlideActionView.m; sourceTree = "<group>"; };
		FB58218D1C39FDC200DC8980 /* DRCellSlideGestureRecognizer.h */ = {isa = PBXFileReference; fileEncoding = 4; lastKnownFileType = sourcecode.c.h; path = DRCellSlideGestureRecognizer.h; sourceTree = "<group>"; };
		FB58218E1C39FDC200DC8980 /* DRCellSlideGestureRecognizer.m */ = {isa = PBXFileReference; fileEncoding = 4; lastKnownFileType = sourcecode.c.objc; path = DRCellSlideGestureRecognizer.m; sourceTree = "<group>"; };
		FB5821941C3A055300DC8980 /* GenericTaskTableViewCell.swift */ = {isa = PBXFileReference; fileEncoding = 4; lastKnownFileType = sourcecode.swift; path = GenericTaskTableViewCell.swift; sourceTree = "<group>"; };
		FB5821951C3A055300DC8980 /* GenericTaskTableViewCell.xib */ = {isa = PBXFileReference; fileEncoding = 4; lastKnownFileType = file.xib; path = GenericTaskTableViewCell.xib; sourceTree = "<group>"; };
		FB709EEC1BCC3A4D0092B9D8 /* User.swift */ = {isa = PBXFileReference; fileEncoding = 4; lastKnownFileType = sourcecode.swift; path = User.swift; sourceTree = "<group>"; };
		FB709EF01BCC3A890092B9D8 /* TaskWorkSession.swift */ = {isa = PBXFileReference; fileEncoding = 4; lastKnownFileType = sourcecode.swift; path = TaskWorkSession.swift; sourceTree = "<group>"; };
		FB709EF21BCC3A9F0092B9D8 /* WorkDay.swift */ = {isa = PBXFileReference; fileEncoding = 4; lastKnownFileType = sourcecode.swift; path = WorkDay.swift; sourceTree = "<group>"; };
		FB709EF51BCC3E990092B9D8 /* DateUtils.swift */ = {isa = PBXFileReference; fileEncoding = 4; lastKnownFileType = sourcecode.swift; path = DateUtils.swift; sourceTree = "<group>"; };
		FB709EF91BCEB3A70092B9D8 /* Scheduler.swift */ = {isa = PBXFileReference; fileEncoding = 4; lastKnownFileType = sourcecode.swift; path = Scheduler.swift; sourceTree = "<group>"; };
		FB80ABB81BDAB884002C28B2 /* SettingsViewController.swift */ = {isa = PBXFileReference; fileEncoding = 4; lastKnownFileType = sourcecode.swift; path = SettingsViewController.swift; sourceTree = "<group>"; };
		FBA05C5F1C28EE1B00498424 /* AllTasksViewController.swift */ = {isa = PBXFileReference; fileEncoding = 4; lastKnownFileType = sourcecode.swift; path = AllTasksViewController.swift; sourceTree = "<group>"; };
		FBA05C641C3389C300498424 /* PersistenceController.swift */ = {isa = PBXFileReference; fileEncoding = 4; lastKnownFileType = sourcecode.swift; path = PersistenceController.swift; sourceTree = "<group>"; };
		FBAEE8001BB9A92200E87679 /* Task.swift */ = {isa = PBXFileReference; fileEncoding = 4; lastKnownFileType = sourcecode.swift; path = Task.swift; sourceTree = "<group>"; };
		FBAEE8051BB9C50D00E87679 /* EditTaskViewController.swift */ = {isa = PBXFileReference; fileEncoding = 4; lastKnownFileType = sourcecode.swift; path = EditTaskViewController.swift; sourceTree = "<group>"; };
		FBD1BE331BAC7EF00055ACF2 /* TaskScheduler.app */ = {isa = PBXFileReference; explicitFileType = wrapper.application; includeInIndex = 0; path = TaskScheduler.app; sourceTree = BUILT_PRODUCTS_DIR; };
		FBD1BE361BAC7EF00055ACF2 /* AppDelegate.swift */ = {isa = PBXFileReference; lastKnownFileType = sourcecode.swift; path = AppDelegate.swift; sourceTree = "<group>"; };
		FBD1BE381BAC7EF00055ACF2 /* TodaysWorkViewController.swift */ = {isa = PBXFileReference; lastKnownFileType = sourcecode.swift; path = TodaysWorkViewController.swift; sourceTree = "<group>"; };
		FBD1BE3D1BAC7EF00055ACF2 /* Base */ = {isa = PBXFileReference; lastKnownFileType = file.storyboard; name = Base; path = Base.lproj/Main.storyboard; sourceTree = "<group>"; };
		FBD1BE3F1BAC7EF00055ACF2 /* Assets.xcassets */ = {isa = PBXFileReference; lastKnownFileType = folder.assetcatalog; path = Assets.xcassets; sourceTree = "<group>"; };
		FBD1BE421BAC7EF00055ACF2 /* Base */ = {isa = PBXFileReference; lastKnownFileType = file.storyboard; name = Base; path = Base.lproj/LaunchScreen.storyboard; sourceTree = "<group>"; };
		FBD1BE441BAC7EF00055ACF2 /* Info.plist */ = {isa = PBXFileReference; lastKnownFileType = text.plist.xml; path = Info.plist; sourceTree = "<group>"; };
		FBD1BE491BAC7EF00055ACF2 /* TaskSchedulerTests.xctest */ = {isa = PBXFileReference; explicitFileType = wrapper.cfbundle; includeInIndex = 0; path = TaskSchedulerTests.xctest; sourceTree = BUILT_PRODUCTS_DIR; };
		FBD1BE4D1BAC7EF00055ACF2 /* TaskSchedulerTests.swift */ = {isa = PBXFileReference; lastKnownFileType = sourcecode.swift; path = TaskSchedulerTests.swift; sourceTree = "<group>"; };
		FBD1BE4F1BAC7EF00055ACF2 /* Info.plist */ = {isa = PBXFileReference; lastKnownFileType = text.plist.xml; path = Info.plist; sourceTree = "<group>"; };
		FBD1BE541BAC7EF00055ACF2 /* TaskSchedulerUITests.xctest */ = {isa = PBXFileReference; explicitFileType = wrapper.cfbundle; includeInIndex = 0; path = TaskSchedulerUITests.xctest; sourceTree = BUILT_PRODUCTS_DIR; };
		FBD1BE581BAC7EF00055ACF2 /* TaskSchedulerUITests.swift */ = {isa = PBXFileReference; lastKnownFileType = sourcecode.swift; path = TaskSchedulerUITests.swift; sourceTree = "<group>"; };
		FBD1BE5A1BAC7EF00055ACF2 /* Info.plist */ = {isa = PBXFileReference; lastKnownFileType = text.plist.xml; path = Info.plist; sourceTree = "<group>"; };
		FBD1BE6F1BAC8CD70055ACF2 /* PriorityPrettifier.swift */ = {isa = PBXFileReference; fileEncoding = 4; lastKnownFileType = sourcecode.swift; path = PriorityPrettifier.swift; sourceTree = "<group>"; };
/* End PBXFileReference section */

/* Begin PBXFrameworksBuildPhase section */
		FBD1BE301BAC7EF00055ACF2 /* Frameworks */ = {
			isa = PBXFrameworksBuildPhase;
			buildActionMask = 2147483647;
			files = (
				FB14C1831BB98F84000A16EE /* JSQCoreDataKit.framework in Frameworks */,
			);
			runOnlyForDeploymentPostprocessing = 0;
		};
		FBD1BE461BAC7EF00055ACF2 /* Frameworks */ = {
			isa = PBXFrameworksBuildPhase;
			buildActionMask = 2147483647;
			files = (
			);
			runOnlyForDeploymentPostprocessing = 0;
		};
		FBD1BE511BAC7EF00055ACF2 /* Frameworks */ = {
			isa = PBXFrameworksBuildPhase;
			buildActionMask = 2147483647;
			files = (
			);
			runOnlyForDeploymentPostprocessing = 0;
		};
/* End PBXFrameworksBuildPhase section */

/* Begin PBXGroup section */
		FB14C1791BB98EFF000A16EE /* Frameworks */ = {
			isa = PBXGroup;
			children = (
				FB5821881C39FDC200DC8980 /* DRCellSlideGestureRecognizer */,
				FB14C17A1BB98F61000A16EE /* JSQCoreDataKit.xcodeproj */,
			);
			name = Frameworks;
			sourceTree = "<group>";
		};
		FB14C17B1BB98F61000A16EE /* Products */ = {
			isa = PBXGroup;
			children = (
				FB14C1801BB98F61000A16EE /* JSQCoreDataKit.framework */,
				FB14C1821BB98F61000A16EE /* JSQCoreDataKitTests.xctest */,
			);
			name = Products;
			sourceTree = "<group>";
		};
		FB5821881C39FDC200DC8980 /* DRCellSlideGestureRecognizer */ = {
			isa = PBXGroup;
			children = (
				FB5821891C39FDC200DC8980 /* DRCellSlideAction.h */,
				FB58218A1C39FDC200DC8980 /* DRCellSlideAction.m */,
				FB58218B1C39FDC200DC8980 /* DRCellSlideActionView.h */,
				FB58218C1C39FDC200DC8980 /* DRCellSlideActionView.m */,
				FB58218D1C39FDC200DC8980 /* DRCellSlideGestureRecognizer.h */,
				FB58218E1C39FDC200DC8980 /* DRCellSlideGestureRecognizer.m */,
			);
			path = DRCellSlideGestureRecognizer;
			sourceTree = "<group>";
		};
		FB709EF41BCC3E830092B9D8 /* Misc */ = {
			isa = PBXGroup;
			children = (
				FB709EF51BCC3E990092B9D8 /* DateUtils.swift */,
			);
			name = Misc;
			sourceTree = "<group>";
		};
		FB709EF71BCEB3830092B9D8 /* Classes */ = {
			isa = PBXGroup;
			children = (
				FB709EEC1BCC3A4D0092B9D8 /* User.swift */,
				FB709EF21BCC3A9F0092B9D8 /* WorkDay.swift */,
				FBAEE8001BB9A92200E87679 /* Task.swift */,
				FB709EF01BCC3A890092B9D8 /* TaskWorkSession.swift */,
			);
			name = Classes;
			sourceTree = "<group>";
		};
		FB709EF81BCEB3970092B9D8 /* Helpers */ = {
			isa = PBXGroup;
			children = (
				FBD1BE6F1BAC8CD70055ACF2 /* PriorityPrettifier.swift */,
			);
			name = Helpers;
			sourceTree = "<group>";
		};
		FB709EFB1BCEB3B70092B9D8 /* Scheduler */ = {
			isa = PBXGroup;
			children = (
				FB709EF91BCEB3A70092B9D8 /* Scheduler.swift */,
			);
			name = Scheduler;
			sourceTree = "<group>";
		};
		FBA05C631C33897900498424 /* Persistence */ = {
			isa = PBXGroup;
			children = (
				FBA05C641C3389C300498424 /* PersistenceController.swift */,
			);
			name = Persistence;
			sourceTree = "<group>";
		};
		FBD1BE2A1BAC7EF00055ACF2 = {
			isa = PBXGroup;
			children = (
				FBD1BE351BAC7EF00055ACF2 /* TaskScheduler */,
				FBD1BE4C1BAC7EF00055ACF2 /* TaskSchedulerTests */,
				FBD1BE571BAC7EF00055ACF2 /* TaskSchedulerUITests */,
				FBD1BE341BAC7EF00055ACF2 /* Products */,
			);
			sourceTree = "<group>";
		};
		FBD1BE341BAC7EF00055ACF2 /* Products */ = {
			isa = PBXGroup;
			children = (
				FBD1BE331BAC7EF00055ACF2 /* TaskScheduler.app */,
				FBD1BE491BAC7EF00055ACF2 /* TaskSchedulerTests.xctest */,
				FBD1BE541BAC7EF00055ACF2 /* TaskSchedulerUITests.xctest */,
			);
			name = Products;
			sourceTree = "<group>";
		};
		FBD1BE351BAC7EF00055ACF2 /* TaskScheduler */ = {
			isa = PBXGroup;
			children = (
				FBD1BE361BAC7EF00055ACF2 /* AppDelegate.swift */,
				FBD1BE661BAC7EFE0055ACF2 /* Model */,
				FBD1BE671BAC7F020055ACF2 /* View */,
				FBD1BE681BAC7F050055ACF2 /* Controller */,
				FBD1BE691BAC7F0B0055ACF2 /* Interface */,
				FB709EF41BCC3E830092B9D8 /* Misc */,
				FBD1BE3F1BAC7EF00055ACF2 /* Assets.xcassets */,
				FB14C1791BB98EFF000A16EE /* Frameworks */,
				FBD1BE6A1BAC7F460055ACF2 /* Supporting Files */,
			);
			path = TaskScheduler;
			sourceTree = "<group>";
		};
		FBD1BE4C1BAC7EF00055ACF2 /* TaskSchedulerTests */ = {
			isa = PBXGroup;
			children = (
				FBD1BE4D1BAC7EF00055ACF2 /* TaskSchedulerTests.swift */,
				FBD1BE4F1BAC7EF00055ACF2 /* Info.plist */,
			);
			path = TaskSchedulerTests;
			sourceTree = "<group>";
		};
		FBD1BE571BAC7EF00055ACF2 /* TaskSchedulerUITests */ = {
			isa = PBXGroup;
			children = (
				FBD1BE581BAC7EF00055ACF2 /* TaskSchedulerUITests.swift */,
				FBD1BE5A1BAC7EF00055ACF2 /* Info.plist */,
			);
			path = TaskSchedulerUITests;
			sourceTree = "<group>";
		};
		FBD1BE661BAC7EFE0055ACF2 /* Model */ = {
			isa = PBXGroup;
			children = (
				FB709EFB1BCEB3B70092B9D8 /* Scheduler */,
				FB709EF71BCEB3830092B9D8 /* Classes */,
				FB709EF81BCEB3970092B9D8 /* Helpers */,
				FBA05C631C33897900498424 /* Persistence */,
				FB14C1741BB97E8C000A16EE /* TaskScheduler.xcdatamodeld */,
			);
			name = Model;
			sourceTree = "<group>";
		};
		FBD1BE671BAC7F020055ACF2 /* View */ = {
			isa = PBXGroup;
			children = (
				FB5821951C3A055300DC8980 /* GenericTaskTableViewCell.xib */,
				FB5821941C3A055300DC8980 /* GenericTaskTableViewCell.swift */,
			);
			name = View;
			sourceTree = "<group>";
		};
		FBD1BE681BAC7F050055ACF2 /* Controller */ = {
			isa = PBXGroup;
			children = (
				FBD1BE381BAC7EF00055ACF2 /* TodaysWorkViewController.swift */,
				FBA05C5F1C28EE1B00498424 /* AllTasksViewController.swift */,
				FBAEE8051BB9C50D00E87679 /* EditTaskViewController.swift */,
				FB80ABB81BDAB884002C28B2 /* SettingsViewController.swift */,
				FB5821861C38AFB900DC8980 /* ScheduleConfirmationViewController.swift */,
			);
			name = Controller;
			sourceTree = "<group>";
		};
		FBD1BE691BAC7F0B0055ACF2 /* Interface */ = {
			isa = PBXGroup;
			children = (
				FBD1BE3C1BAC7EF00055ACF2 /* Main.storyboard */,
				FBD1BE411BAC7EF00055ACF2 /* LaunchScreen.storyboard */,
			);
			name = Interface;
			sourceTree = "<group>";
		};
		FBD1BE6A1BAC7F460055ACF2 /* Supporting Files */ = {
			isa = PBXGroup;
			children = (
				FBD1BE441BAC7EF00055ACF2 /* Info.plist */,
			);
			name = "Supporting Files";
			sourceTree = "<group>";
		};
/* End PBXGroup section */

/* Begin PBXNativeTarget section */
		FBD1BE321BAC7EF00055ACF2 /* TaskScheduler */ = {
			isa = PBXNativeTarget;
			buildConfigurationList = FBD1BE5D1BAC7EF00055ACF2 /* Build configuration list for PBXNativeTarget "TaskScheduler" */;
			buildPhases = (
				FBD1BE2F1BAC7EF00055ACF2 /* Sources */,
				FBD1BE301BAC7EF00055ACF2 /* Frameworks */,
				FBD1BE311BAC7EF00055ACF2 /* Resources */,
				FB14C1841BB98F97000A16EE /* CopyFiles */,
			);
			buildRules = (
			);
			dependencies = (
			);
			name = TaskScheduler;
			productName = TaskScheduler;
			productReference = FBD1BE331BAC7EF00055ACF2 /* TaskScheduler.app */;
			productType = "com.apple.product-type.application";
		};
		FBD1BE481BAC7EF00055ACF2 /* TaskSchedulerTests */ = {
			isa = PBXNativeTarget;
			buildConfigurationList = FBD1BE601BAC7EF00055ACF2 /* Build configuration list for PBXNativeTarget "TaskSchedulerTests" */;
			buildPhases = (
				FBD1BE451BAC7EF00055ACF2 /* Sources */,
				FBD1BE461BAC7EF00055ACF2 /* Frameworks */,
				FBD1BE471BAC7EF00055ACF2 /* Resources */,
			);
			buildRules = (
			);
			dependencies = (
				FBD1BE4B1BAC7EF00055ACF2 /* PBXTargetDependency */,
			);
			name = TaskSchedulerTests;
			productName = TaskSchedulerTests;
			productReference = FBD1BE491BAC7EF00055ACF2 /* TaskSchedulerTests.xctest */;
			productType = "com.apple.product-type.bundle.unit-test";
		};
		FBD1BE531BAC7EF00055ACF2 /* TaskSchedulerUITests */ = {
			isa = PBXNativeTarget;
			buildConfigurationList = FBD1BE631BAC7EF00055ACF2 /* Build configuration list for PBXNativeTarget "TaskSchedulerUITests" */;
			buildPhases = (
				FBD1BE501BAC7EF00055ACF2 /* Sources */,
				FBD1BE511BAC7EF00055ACF2 /* Frameworks */,
				FBD1BE521BAC7EF00055ACF2 /* Resources */,
			);
			buildRules = (
			);
			dependencies = (
				FBD1BE561BAC7EF00055ACF2 /* PBXTargetDependency */,
			);
			name = TaskSchedulerUITests;
			productName = TaskSchedulerUITests;
			productReference = FBD1BE541BAC7EF00055ACF2 /* TaskSchedulerUITests.xctest */;
			productType = "com.apple.product-type.bundle.ui-testing";
		};
/* End PBXNativeTarget section */

/* Begin PBXProject section */
		FBD1BE2B1BAC7EF00055ACF2 /* Project object */ = {
			isa = PBXProject;
			attributes = {
				LastSwiftMigration = 0700;
				LastSwiftUpdateCheck = 0700;
				LastUpgradeCheck = 0700;
				ORGANIZATIONNAME = "Ben Oztalay";
				TargetAttributes = {
					FBD1BE321BAC7EF00055ACF2 = {
						CreatedOnToolsVersion = 7.0;
					};
					FBD1BE481BAC7EF00055ACF2 = {
						CreatedOnToolsVersion = 7.0;
						TestTargetID = FBD1BE321BAC7EF00055ACF2;
					};
					FBD1BE531BAC7EF00055ACF2 = {
						CreatedOnToolsVersion = 7.0;
						TestTargetID = FBD1BE321BAC7EF00055ACF2;
					};
				};
			};
			buildConfigurationList = FBD1BE2E1BAC7EF00055ACF2 /* Build configuration list for PBXProject "TaskScheduler" */;
			compatibilityVersion = "Xcode 3.2";
			developmentRegion = English;
			hasScannedForEncodings = 0;
			knownRegions = (
				en,
				Base,
			);
			mainGroup = FBD1BE2A1BAC7EF00055ACF2;
			productRefGroup = FBD1BE341BAC7EF00055ACF2 /* Products */;
			projectDirPath = "";
			projectReferences = (
				{
					ProductGroup = FB14C17B1BB98F61000A16EE /* Products */;
					ProjectRef = FB14C17A1BB98F61000A16EE /* JSQCoreDataKit.xcodeproj */;
				},
			);
			projectRoot = "";
			targets = (
				FBD1BE321BAC7EF00055ACF2 /* TaskScheduler */,
				FBD1BE481BAC7EF00055ACF2 /* TaskSchedulerTests */,
				FBD1BE531BAC7EF00055ACF2 /* TaskSchedulerUITests */,
			);
		};
/* End PBXProject section */

/* Begin PBXReferenceProxy section */
		FB14C1801BB98F61000A16EE /* JSQCoreDataKit.framework */ = {
			isa = PBXReferenceProxy;
			fileType = wrapper.framework;
			path = JSQCoreDataKit.framework;
			remoteRef = FB14C17F1BB98F61000A16EE /* PBXContainerItemProxy */;
			sourceTree = BUILT_PRODUCTS_DIR;
		};
		FB14C1821BB98F61000A16EE /* JSQCoreDataKitTests.xctest */ = {
			isa = PBXReferenceProxy;
			fileType = wrapper.cfbundle;
			path = JSQCoreDataKitTests.xctest;
			remoteRef = FB14C1811BB98F61000A16EE /* PBXContainerItemProxy */;
			sourceTree = BUILT_PRODUCTS_DIR;
		};
/* End PBXReferenceProxy section */

/* Begin PBXResourcesBuildPhase section */
		FBD1BE311BAC7EF00055ACF2 /* Resources */ = {
			isa = PBXResourcesBuildPhase;
			buildActionMask = 2147483647;
			files = (
				FB5821971C3A055300DC8980 /* GenericTaskTableViewCell.xib in Resources */,
				FBD1BE431BAC7EF00055ACF2 /* LaunchScreen.storyboard in Resources */,
				FBD1BE401BAC7EF00055ACF2 /* Assets.xcassets in Resources */,
				FBD1BE3E1BAC7EF00055ACF2 /* Main.storyboard in Resources */,
			);
			runOnlyForDeploymentPostprocessing = 0;
		};
		FBD1BE471BAC7EF00055ACF2 /* Resources */ = {
			isa = PBXResourcesBuildPhase;
			buildActionMask = 2147483647;
			files = (
			);
			runOnlyForDeploymentPostprocessing = 0;
		};
		FBD1BE521BAC7EF00055ACF2 /* Resources */ = {
			isa = PBXResourcesBuildPhase;
			buildActionMask = 2147483647;
			files = (
			);
			runOnlyForDeploymentPostprocessing = 0;
		};
/* End PBXResourcesBuildPhase section */

/* Begin PBXSourcesBuildPhase section */
		FBD1BE2F1BAC7EF00055ACF2 /* Sources */ = {
			isa = PBXSourcesBuildPhase;
			buildActionMask = 2147483647;
			files = (
				FB5821911C39FDC200DC8980 /* DRCellSlideGestureRecognizer.m in Sources */,
				FBAEE8021BB9A92200E87679 /* Task.swift in Sources */,
				FB709EFA1BCEB3A70092B9D8 /* Scheduler.swift in Sources */,
				FBAEE8061BB9C50D00E87679 /* EditTaskViewController.swift in Sources */,
				FB14C1761BB97E8C000A16EE /* TaskScheduler.xcdatamodeld in Sources */,
				FB80ABB91BDAB884002C28B2 /* SettingsViewController.swift in Sources */,
				FB709EF61BCC3E990092B9D8 /* DateUtils.swift in Sources */,
				FB5821901C39FDC200DC8980 /* DRCellSlideActionView.m in Sources */,
				FB709EF31BCC3A9F0092B9D8 /* WorkDay.swift in Sources */,
				FB5821961C3A055300DC8980 /* GenericTaskTableViewCell.swift in Sources */,
				FB5821871C38AFB900DC8980 /* ScheduleConfirmationViewController.swift in Sources */,
				FBD1BE371BAC7EF00055ACF2 /* AppDelegate.swift in Sources */,
				FBA05C651C3389C300498424 /* PersistenceController.swift in Sources */,
				FBD1BE391BAC7EF00055ACF2 /* TodaysWorkViewController.swift in Sources */,
				FB709EF11BCC3A890092B9D8 /* TaskWorkSession.swift in Sources */,
				FBA05C601C28EE1B00498424 /* AllTasksViewController.swift in Sources */,
				FB709EED1BCC3A4D0092B9D8 /* User.swift in Sources */,
				FBD1BE701BAC8CD70055ACF2 /* PriorityPrettifier.swift in Sources */,
				FB58218F1C39FDC200DC8980 /* DRCellSlideAction.m in Sources */,
			);
			runOnlyForDeploymentPostprocessing = 0;
		};
		FBD1BE451BAC7EF00055ACF2 /* Sources */ = {
			isa = PBXSourcesBuildPhase;
			buildActionMask = 2147483647;
			files = (
				FBD1BE4E1BAC7EF00055ACF2 /* TaskSchedulerTests.swift in Sources */,
			);
			runOnlyForDeploymentPostprocessing = 0;
		};
		FBD1BE501BAC7EF00055ACF2 /* Sources */ = {
			isa = PBXSourcesBuildPhase;
			buildActionMask = 2147483647;
			files = (
				FBD1BE591BAC7EF00055ACF2 /* TaskSchedulerUITests.swift in Sources */,
			);
			runOnlyForDeploymentPostprocessing = 0;
		};
/* End PBXSourcesBuildPhase section */

/* Begin PBXTargetDependency section */
		FBD1BE4B1BAC7EF00055ACF2 /* PBXTargetDependency */ = {
			isa = PBXTargetDependency;
			target = FBD1BE321BAC7EF00055ACF2 /* TaskScheduler */;
			targetProxy = FBD1BE4A1BAC7EF00055ACF2 /* PBXContainerItemProxy */;
		};
		FBD1BE561BAC7EF00055ACF2 /* PBXTargetDependency */ = {
			isa = PBXTargetDependency;
			target = FBD1BE321BAC7EF00055ACF2 /* TaskScheduler */;
			targetProxy = FBD1BE551BAC7EF00055ACF2 /* PBXContainerItemProxy */;
		};
/* End PBXTargetDependency section */

/* Begin PBXVariantGroup section */
		FBD1BE3C1BAC7EF00055ACF2 /* Main.storyboard */ = {
			isa = PBXVariantGroup;
			children = (
				FBD1BE3D1BAC7EF00055ACF2 /* Base */,
			);
			name = Main.storyboard;
			sourceTree = "<group>";
		};
		FBD1BE411BAC7EF00055ACF2 /* LaunchScreen.storyboard */ = {
			isa = PBXVariantGroup;
			children = (
				FBD1BE421BAC7EF00055ACF2 /* Base */,
			);
			name = LaunchScreen.storyboard;
			sourceTree = "<group>";
		};
/* End PBXVariantGroup section */

/* Begin XCBuildConfiguration section */
		FBD1BE5B1BAC7EF00055ACF2 /* Debug */ = {
			isa = XCBuildConfiguration;
			buildSettings = {
				ALWAYS_SEARCH_USER_PATHS = NO;
				CLANG_CXX_LANGUAGE_STANDARD = "gnu++0x";
				CLANG_CXX_LIBRARY = "libc++";
				CLANG_ENABLE_MODULES = YES;
				CLANG_ENABLE_OBJC_ARC = YES;
				CLANG_WARN_BOOL_CONVERSION = YES;
				CLANG_WARN_CONSTANT_CONVERSION = YES;
				CLANG_WARN_DIRECT_OBJC_ISA_USAGE = YES_ERROR;
				CLANG_WARN_EMPTY_BODY = YES;
				CLANG_WARN_ENUM_CONVERSION = YES;
				CLANG_WARN_INT_CONVERSION = YES;
				CLANG_WARN_OBJC_ROOT_CLASS = YES_ERROR;
				CLANG_WARN_UNREACHABLE_CODE = YES;
				CLANG_WARN__DUPLICATE_METHOD_MATCH = YES;
				"CODE_SIGN_IDENTITY[sdk=iphoneos*]" = "iPhone Developer";
				COPY_PHASE_STRIP = NO;
				DEBUG_INFORMATION_FORMAT = dwarf;
				ENABLE_STRICT_OBJC_MSGSEND = YES;
				ENABLE_TESTABILITY = YES;
				GCC_C_LANGUAGE_STANDARD = gnu99;
				GCC_DYNAMIC_NO_PIC = NO;
				GCC_NO_COMMON_BLOCKS = YES;
				GCC_OPTIMIZATION_LEVEL = 0;
				GCC_PREPROCESSOR_DEFINITIONS = (
					"DEBUG=1",
					"$(inherited)",
				);
				GCC_WARN_64_TO_32_BIT_CONVERSION = YES;
				GCC_WARN_ABOUT_RETURN_TYPE = YES_ERROR;
				GCC_WARN_UNDECLARED_SELECTOR = YES;
				GCC_WARN_UNINITIALIZED_AUTOS = YES_AGGRESSIVE;
				GCC_WARN_UNUSED_FUNCTION = YES;
				GCC_WARN_UNUSED_VARIABLE = YES;
				IPHONEOS_DEPLOYMENT_TARGET = 9.0;
				MOMC_NO_INVERSE_RELATIONSHIP_WARNINGS = YES;
				MTL_ENABLE_DEBUG_INFO = YES;
				ONLY_ACTIVE_ARCH = YES;
				SDKROOT = iphoneos;
				SWIFT_OPTIMIZATION_LEVEL = "-Onone";
				TARGETED_DEVICE_FAMILY = "1,2";
			};
			name = Debug;
		};
		FBD1BE5C1BAC7EF00055ACF2 /* Release */ = {
			isa = XCBuildConfiguration;
			buildSettings = {
				ALWAYS_SEARCH_USER_PATHS = NO;
				CLANG_CXX_LANGUAGE_STANDARD = "gnu++0x";
				CLANG_CXX_LIBRARY = "libc++";
				CLANG_ENABLE_MODULES = YES;
				CLANG_ENABLE_OBJC_ARC = YES;
				CLANG_WARN_BOOL_CONVERSION = YES;
				CLANG_WARN_CONSTANT_CONVERSION = YES;
				CLANG_WARN_DIRECT_OBJC_ISA_USAGE = YES_ERROR;
				CLANG_WARN_EMPTY_BODY = YES;
				CLANG_WARN_ENUM_CONVERSION = YES;
				CLANG_WARN_INT_CONVERSION = YES;
				CLANG_WARN_OBJC_ROOT_CLASS = YES_ERROR;
				CLANG_WARN_UNREACHABLE_CODE = YES;
				CLANG_WARN__DUPLICATE_METHOD_MATCH = YES;
				"CODE_SIGN_IDENTITY[sdk=iphoneos*]" = "iPhone Developer";
				COPY_PHASE_STRIP = NO;
				DEBUG_INFORMATION_FORMAT = "dwarf-with-dsym";
				ENABLE_NS_ASSERTIONS = NO;
				ENABLE_STRICT_OBJC_MSGSEND = YES;
				GCC_C_LANGUAGE_STANDARD = gnu99;
				GCC_NO_COMMON_BLOCKS = YES;
				GCC_WARN_64_TO_32_BIT_CONVERSION = YES;
				GCC_WARN_ABOUT_RETURN_TYPE = YES_ERROR;
				GCC_WARN_UNDECLARED_SELECTOR = YES;
				GCC_WARN_UNINITIALIZED_AUTOS = YES_AGGRESSIVE;
				GCC_WARN_UNUSED_FUNCTION = YES;
				GCC_WARN_UNUSED_VARIABLE = YES;
				IPHONEOS_DEPLOYMENT_TARGET = 9.0;
				MOMC_NO_INVERSE_RELATIONSHIP_WARNINGS = YES;
				MTL_ENABLE_DEBUG_INFO = NO;
				SDKROOT = iphoneos;
				TARGETED_DEVICE_FAMILY = "1,2";
				VALIDATE_PRODUCT = YES;
			};
			name = Release;
		};
		FBD1BE5E1BAC7EF00055ACF2 /* Debug */ = {
			isa = XCBuildConfiguration;
			buildSettings = {
				ASSETCATALOG_COMPILER_APPICON_NAME = AppIcon;
				INFOPLIST_FILE = TaskScheduler/Info.plist;
				IPHONEOS_DEPLOYMENT_TARGET = 9.1;
				LD_RUNPATH_SEARCH_PATHS = "$(inherited) @executable_path/Frameworks";
				PRODUCT_BUNDLE_IDENTIFIER = com.boztalay.TaskScheduler;
				PRODUCT_NAME = "$(TARGET_NAME)";
			};
			name = Debug;
		};
		FBD1BE5F1BAC7EF00055ACF2 /* Release */ = {
			isa = XCBuildConfiguration;
			buildSettings = {
				ASSETCATALOG_COMPILER_APPICON_NAME = AppIcon;
				INFOPLIST_FILE = TaskScheduler/Info.plist;
				IPHONEOS_DEPLOYMENT_TARGET = 9.1;
				LD_RUNPATH_SEARCH_PATHS = "$(inherited) @executable_path/Frameworks";
				PRODUCT_BUNDLE_IDENTIFIER = com.boztalay.TaskScheduler;
				PRODUCT_NAME = "$(TARGET_NAME)";
			};
			name = Release;
		};
		FBD1BE611BAC7EF00055ACF2 /* Debug */ = {
			isa = XCBuildConfiguration;
			buildSettings = {
				BUNDLE_LOADER = "$(TEST_HOST)";
				INFOPLIST_FILE = TaskSchedulerTests/Info.plist;
				LD_RUNPATH_SEARCH_PATHS = "$(inherited) @executable_path/Frameworks @loader_path/Frameworks";
				PRODUCT_BUNDLE_IDENTIFIER = com.boztalay.TaskSchedulerTests;
				PRODUCT_NAME = "$(TARGET_NAME)";
				TEST_HOST = "$(BUILT_PRODUCTS_DIR)/TaskScheduler.app/TaskScheduler";
			};
			name = Debug;
		};
		FBD1BE621BAC7EF00055ACF2 /* Release */ = {
			isa = XCBuildConfiguration;
			buildSettings = {
				BUNDLE_LOADER = "$(TEST_HOST)";
				INFOPLIST_FILE = TaskSchedulerTests/Info.plist;
				LD_RUNPATH_SEARCH_PATHS = "$(inherited) @executable_path/Frameworks @loader_path/Frameworks";
				PRODUCT_BUNDLE_IDENTIFIER = com.boztalay.TaskSchedulerTests;
				PRODUCT_NAME = "$(TARGET_NAME)";
				TEST_HOST = "$(BUILT_PRODUCTS_DIR)/TaskScheduler.app/TaskScheduler";
			};
			name = Release;
		};
		FBD1BE641BAC7EF00055ACF2 /* Debug */ = {
			isa = XCBuildConfiguration;
			buildSettings = {
				INFOPLIST_FILE = TaskSchedulerUITests/Info.plist;
				LD_RUNPATH_SEARCH_PATHS = "$(inherited) @executable_path/Frameworks @loader_path/Frameworks";
				PRODUCT_BUNDLE_IDENTIFIER = com.boztalay.TaskSchedulerUITests;
				PRODUCT_NAME = "$(TARGET_NAME)";
				TEST_TARGET_NAME = TaskScheduler;
				USES_XCTRUNNER = YES;
			};
			name = Debug;
		};
		FBD1BE651BAC7EF00055ACF2 /* Release */ = {
			isa = XCBuildConfiguration;
			buildSettings = {
				INFOPLIST_FILE = TaskSchedulerUITests/Info.plist;
				LD_RUNPATH_SEARCH_PATHS = "$(inherited) @executable_path/Frameworks @loader_path/Frameworks";
				PRODUCT_BUNDLE_IDENTIFIER = com.boztalay.TaskSchedulerUITests;
				PRODUCT_NAME = "$(TARGET_NAME)";
				TEST_TARGET_NAME = TaskScheduler;
				USES_XCTRUNNER = YES;
			};
			name = Release;
		};
/* End XCBuildConfiguration section */

/* Begin XCConfigurationList section */
		FBD1BE2E1BAC7EF00055ACF2 /* Build configuration list for PBXProject "TaskScheduler" */ = {
			isa = XCConfigurationList;
			buildConfigurations = (
				FBD1BE5B1BAC7EF00055ACF2 /* Debug */,
				FBD1BE5C1BAC7EF00055ACF2 /* Release */,
			);
			defaultConfigurationIsVisible = 0;
			defaultConfigurationName = Release;
		};
		FBD1BE5D1BAC7EF00055ACF2 /* Build configuration list for PBXNativeTarget "TaskScheduler" */ = {
			isa = XCConfigurationList;
			buildConfigurations = (
				FBD1BE5E1BAC7EF00055ACF2 /* Debug */,
				FBD1BE5F1BAC7EF00055ACF2 /* Release */,
			);
			defaultConfigurationIsVisible = 0;
			defaultConfigurationName = Release;
		};
		FBD1BE601BAC7EF00055ACF2 /* Build configuration list for PBXNativeTarget "TaskSchedulerTests" */ = {
			isa = XCConfigurationList;
			buildConfigurations = (
				FBD1BE611BAC7EF00055ACF2 /* Debug */,
				FBD1BE621BAC7EF00055ACF2 /* Release */,
			);
			defaultConfigurationIsVisible = 0;
			defaultConfigurationName = Release;
		};
		FBD1BE631BAC7EF00055ACF2 /* Build configuration list for PBXNativeTarget "TaskSchedulerUITests" */ = {
			isa = XCConfigurationList;
			buildConfigurations = (
				FBD1BE641BAC7EF00055ACF2 /* Debug */,
				FBD1BE651BAC7EF00055ACF2 /* Release */,
			);
			defaultConfigurationIsVisible = 0;
			defaultConfigurationName = Release;
		};
/* End XCConfigurationList section */

/* Begin XCVersionGroup section */
		FB14C1741BB97E8C000A16EE /* TaskScheduler.xcdatamodeld */ = {
			isa = XCVersionGroup;
			children = (
				FB14C1751BB97E8C000A16EE /* TaskScheduler.xcdatamodel */,
			);
			currentVersion = FB14C1751BB97E8C000A16EE /* TaskScheduler.xcdatamodel */;
			path = TaskScheduler.xcdatamodeld;
			sourceTree = "<group>";
			versionGroupType = wrapper.xcdatamodel;
		};
/* End XCVersionGroup section */
	};
	rootObject = FBD1BE2B1BAC7EF00055ACF2 /* Project object */;
}
